// !$*UTF8*$!
{
	archiveVersion = 1;
	classes = {
	};
	objectVersion = 46;
	objects = {

/* Begin PBXBuildFile section */
		50AA73151CDD44FB005CFC74 /* AppDelegate.swift in Sources */ = {isa = PBXBuildFile; fileRef = 50AA73141CDD44FB005CFC74 /* AppDelegate.swift */; };
		50AA73171CDD44FB005CFC74 /* ViewController.swift in Sources */ = {isa = PBXBuildFile; fileRef = 50AA73161CDD44FB005CFC74 /* ViewController.swift */; };
		50AA73191CDD44FB005CFC74 /* Assets.xcassets in Resources */ = {isa = PBXBuildFile; fileRef = 50AA73181CDD44FB005CFC74 /* Assets.xcassets */; };
		50AA731C1CDD44FB005CFC74 /* Main.storyboard in Resources */ = {isa = PBXBuildFile; fileRef = 50AA731A1CDD44FB005CFC74 /* Main.storyboard */; };
		50AA73271CDD44FB005CFC74 /* LaunchControlTests.swift in Sources */ = {isa = PBXBuildFile; fileRef = 50AA73261CDD44FB005CFC74 /* LaunchControlTests.swift */; };
		50AA73321CDD44FB005CFC74 /* LaunchControlUITests.swift in Sources */ = {isa = PBXBuildFile; fileRef = 50AA73311CDD44FB005CFC74 /* LaunchControlUITests.swift */; };
/* End PBXBuildFile section */

/* Begin PBXContainerItemProxy section */
		50AA73231CDD44FB005CFC74 /* PBXContainerItemProxy */ = {
			isa = PBXContainerItemProxy;
			containerPortal = 50AA73091CDD44FB005CFC74 /* Project object */;
			proxyType = 1;
			remoteGlobalIDString = 50AA73101CDD44FB005CFC74;
			remoteInfo = LaunchControl;
		};
		50AA732E1CDD44FB005CFC74 /* PBXContainerItemProxy */ = {
			isa = PBXContainerItemProxy;
			containerPortal = 50AA73091CDD44FB005CFC74 /* Project object */;
			proxyType = 1;
			remoteGlobalIDString = 50AA73101CDD44FB005CFC74;
			remoteInfo = LaunchControl;
		};
/* End PBXContainerItemProxy section */

/* Begin PBXFileReference section */
		50AA73111CDD44FB005CFC74 /* LaunchControl.app */ = {isa = PBXFileReference; explicitFileType = wrapper.application; includeInIndex = 0; path = LaunchControl.app; sourceTree = BUILT_PRODUCTS_DIR; };
		50AA73141CDD44FB005CFC74 /* AppDelegate.swift */ = {isa = PBXFileReference; lastKnownFileType = sourcecode.swift; path = AppDelegate.swift; sourceTree = "<group>"; };
		50AA73161CDD44FB005CFC74 /* ViewController.swift */ = {isa = PBXFileReference; lastKnownFileType = sourcecode.swift; path = ViewController.swift; sourceTree = "<group>"; };
		50AA73181CDD44FB005CFC74 /* Assets.xcassets */ = {isa = PBXFileReference; lastKnownFileType = folder.assetcatalog; path = Assets.xcassets; sourceTree = "<group>"; };
		50AA731B1CDD44FB005CFC74 /* Base */ = {isa = PBXFileReference; lastKnownFileType = file.storyboard; name = Base; path = Base.lproj/Main.storyboard; sourceTree = "<group>"; };
		50AA731D1CDD44FB005CFC74 /* Info.plist */ = {isa = PBXFileReference; lastKnownFileType = text.plist.xml; path = Info.plist; sourceTree = "<group>"; };
		50AA73221CDD44FB005CFC74 /* LaunchControlTests.xctest */ = {isa = PBXFileReference; explicitFileType = wrapper.cfbundle; includeInIndex = 0; path = LaunchControlTests.xctest; sourceTree = BUILT_PRODUCTS_DIR; };
		50AA73261CDD44FB005CFC74 /* LaunchControlTests.swift */ = {isa = PBXFileReference; lastKnownFileType = sourcecode.swift; path = LaunchControlTests.swift; sourceTree = "<group>"; };
		50AA73281CDD44FB005CFC74 /* Info.plist */ = {isa = PBXFileReference; lastKnownFileType = text.plist.xml; path = Info.plist; sourceTree = "<group>"; };
		50AA732D1CDD44FB005CFC74 /* LaunchControlUITests.xctest */ = {isa = PBXFileReference; explicitFileType = wrapper.cfbundle; includeInIndex = 0; path = LaunchControlUITests.xctest; sourceTree = BUILT_PRODUCTS_DIR; };
		50AA73311CDD44FB005CFC74 /* LaunchControlUITests.swift */ = {isa = PBXFileReference; lastKnownFileType = sourcecode.swift; path = LaunchControlUITests.swift; sourceTree = "<group>"; };
		50AA73331CDD44FB005CFC74 /* Info.plist */ = {isa = PBXFileReference; lastKnownFileType = text.plist.xml; path = Info.plist; sourceTree = "<group>"; };
/* End PBXFileReference section */

/* Begin PBXFrameworksBuildPhase section */
		50AA730E1CDD44FB005CFC74 /* Frameworks */ = {
			isa = PBXFrameworksBuildPhase;
			buildActionMask = 2147483647;
			files = (
			);
			runOnlyForDeploymentPostprocessing = 0;
		};
		50AA731F1CDD44FB005CFC74 /* Frameworks */ = {
			isa = PBXFrameworksBuildPhase;
			buildActionMask = 2147483647;
			files = (
			);
			runOnlyForDeploymentPostprocessing = 0;
		};
		50AA732A1CDD44FB005CFC74 /* Frameworks */ = {
			isa = PBXFrameworksBuildPhase;
			buildActionMask = 2147483647;
			files = (
			);
			runOnlyForDeploymentPostprocessing = 0;
		};
/* End PBXFrameworksBuildPhase section */

/* Begin PBXGroup section */
		50AA73081CDD44FB005CFC74 = {
			isa = PBXGroup;
			children = (
				50AA73131CDD44FB005CFC74 /* LaunchControl */,
				50AA73251CDD44FB005CFC74 /* LaunchControlTests */,
				50AA73301CDD44FB005CFC74 /* LaunchControlUITests */,
				50AA73121CDD44FB005CFC74 /* Products */,
			);
			sourceTree = "<group>";
		};
		50AA73121CDD44FB005CFC74 /* Products */ = {
			isa = PBXGroup;
			children = (
				50AA73111CDD44FB005CFC74 /* LaunchControl.app */,
				50AA73221CDD44FB005CFC74 /* LaunchControlTests.xctest */,
				50AA732D1CDD44FB005CFC74 /* LaunchControlUITests.xctest */,
			);
			name = Products;
			sourceTree = "<group>";
		};
		50AA73131CDD44FB005CFC74 /* LaunchControl */ = {
			isa = PBXGroup;
			children = (
				50AA73141CDD44FB005CFC74 /* AppDelegate.swift */,
				50AA73161CDD44FB005CFC74 /* ViewController.swift */,
				50AA73181CDD44FB005CFC74 /* Assets.xcassets */,
				50AA731A1CDD44FB005CFC74 /* Main.storyboard */,
				50AA731D1CDD44FB005CFC74 /* Info.plist */,
			);
			path = LaunchControl;
			sourceTree = "<group>";
		};
		50AA73251CDD44FB005CFC74 /* LaunchControlTests */ = {
			isa = PBXGroup;
			children = (
				50AA73261CDD44FB005CFC74 /* LaunchControlTests.swift */,
				50AA73281CDD44FB005CFC74 /* Info.plist */,
			);
			path = LaunchControlTests;
			sourceTree = "<group>";
		};
		50AA73301CDD44FB005CFC74 /* LaunchControlUITests */ = {
			isa = PBXGroup;
			children = (
				50AA73311CDD44FB005CFC74 /* LaunchControlUITests.swift */,
				50AA73331CDD44FB005CFC74 /* Info.plist */,
			);
			path = LaunchControlUITests;
			sourceTree = "<group>";
		};
/* End PBXGroup section */

/* Begin PBXNativeTarget section */
		50AA73101CDD44FB005CFC74 /* LaunchControl */ = {
			isa = PBXNativeTarget;
			buildConfigurationList = 50AA73361CDD44FB005CFC74 /* Build configuration list for PBXNativeTarget "LaunchControl" */;
			buildPhases = (
				50AA730D1CDD44FB005CFC74 /* Sources */,
				50AA730E1CDD44FB005CFC74 /* Frameworks */,
				50AA730F1CDD44FB005CFC74 /* Resources */,
			);
			buildRules = (
			);
			dependencies = (
			);
			name = LaunchControl;
			productName = LaunchControl;
			productReference = 50AA73111CDD44FB005CFC74 /* LaunchControl.app */;
			productType = "com.apple.product-type.application";
		};
		50AA73211CDD44FB005CFC74 /* LaunchControlTests */ = {
			isa = PBXNativeTarget;
			buildConfigurationList = 50AA73391CDD44FB005CFC74 /* Build configuration list for PBXNativeTarget "LaunchControlTests" */;
			buildPhases = (
				50AA731E1CDD44FB005CFC74 /* Sources */,
				50AA731F1CDD44FB005CFC74 /* Frameworks */,
				50AA73201CDD44FB005CFC74 /* Resources */,
			);
			buildRules = (
			);
			dependencies = (
				50AA73241CDD44FB005CFC74 /* PBXTargetDependency */,
			);
			name = LaunchControlTests;
			productName = LaunchControlTests;
			productReference = 50AA73221CDD44FB005CFC74 /* LaunchControlTests.xctest */;
			productType = "com.apple.product-type.bundle.unit-test";
		};
		50AA732C1CDD44FB005CFC74 /* LaunchControlUITests */ = {
			isa = PBXNativeTarget;
			buildConfigurationList = 50AA733C1CDD44FB005CFC74 /* Build configuration list for PBXNativeTarget "LaunchControlUITests" */;
			buildPhases = (
				50AA73291CDD44FB005CFC74 /* Sources */,
				50AA732A1CDD44FB005CFC74 /* Frameworks */,
				50AA732B1CDD44FB005CFC74 /* Resources */,
			);
			buildRules = (
			);
			dependencies = (
				50AA732F1CDD44FB005CFC74 /* PBXTargetDependency */,
			);
			name = LaunchControlUITests;
			productName = LaunchControlUITests;
			productReference = 50AA732D1CDD44FB005CFC74 /* LaunchControlUITests.xctest */;
			productType = "com.apple.product-type.bundle.ui-testing";
		};
/* End PBXNativeTarget section */

/* Begin PBXProject section */
		50AA73091CDD44FB005CFC74 /* Project object */ = {
			isa = PBXProject;
			attributes = {
				LastSwiftUpdateCheck = 0730;
				LastUpgradeCheck = 0730;
				ORGANIZATIONNAME = Pascal;
				TargetAttributes = {
					50AA73101CDD44FB005CFC74 = {
						CreatedOnToolsVersion = 7.3;
					};
					50AA73211CDD44FB005CFC74 = {
						CreatedOnToolsVersion = 7.3;
						TestTargetID = 50AA73101CDD44FB005CFC74;
					};
					50AA732C1CDD44FB005CFC74 = {
						CreatedOnToolsVersion = 7.3;
						TestTargetID = 50AA73101CDD44FB005CFC74;
					};
				};
			};
			buildConfigurationList = 50AA730C1CDD44FB005CFC74 /* Build configuration list for PBXProject "LaunchControl" */;
			compatibilityVersion = "Xcode 3.2";
			developmentRegion = English;
			hasScannedForEncodings = 0;
			knownRegions = (
				en,
				Base,
			);
			mainGroup = 50AA73081CDD44FB005CFC74;
			productRefGroup = 50AA73121CDD44FB005CFC74 /* Products */;
			projectDirPath = "";
			projectRoot = "";
			targets = (
				50AA73101CDD44FB005CFC74 /* LaunchControl */,
				50AA73211CDD44FB005CFC74 /* LaunchControlTests */,
				50AA732C1CDD44FB005CFC74 /* LaunchControlUITests */,
			);
		};
/* End PBXProject section */

/* Begin PBXResourcesBuildPhase section */
		50AA730F1CDD44FB005CFC74 /* Resources */ = {
			isa = PBXResourcesBuildPhase;
			buildActionMask = 2147483647;
			files = (
				50AA73191CDD44FB005CFC74 /* Assets.xcassets in Resources */,
				50AA731C1CDD44FB005CFC74 /* Main.storyboard in Resources */,
			);
			runOnlyForDeploymentPostprocessing = 0;
		};
		50AA73201CDD44FB005CFC74 /* Resources */ = {
			isa = PBXResourcesBuildPhase;
			buildActionMask = 2147483647;
			files = (
			);
			runOnlyForDeploymentPostprocessing = 0;
		};
		50AA732B1CDD44FB005CFC74 /* Resources */ = {
			isa = PBXResourcesBuildPhase;
			buildActionMask = 2147483647;
			files = (
			);
			runOnlyForDeploymentPostprocessing = 0;
		};
/* End PBXResourcesBuildPhase section */

/* Begin PBXSourcesBuildPhase section */
		50AA730D1CDD44FB005CFC74 /* Sources */ = {
			isa = PBXSourcesBuildPhase;
			buildActionMask = 2147483647;
			files = (
				50AA73171CDD44FB005CFC74 /* ViewController.swift in Sources */,
				50AA73151CDD44FB005CFC74 /* AppDelegate.swift in Sources */,
			);
			runOnlyForDeploymentPostprocessing = 0;
		};
		50AA731E1CDD44FB005CFC74 /* Sources */ = {
			isa = PBXSourcesBuildPhase;
			buildActionMask = 2147483647;
			files = (
				50AA73271CDD44FB005CFC74 /* LaunchControlTests.swift in Sources */,
			);
			runOnlyForDeploymentPostprocessing = 0;
		};
		50AA73291CDD44FB005CFC74 /* Sources */ = {
			isa = PBXSourcesBuildPhase;
			buildActionMask = 2147483647;
			files = (
				50AA73321CDD44FB005CFC74 /* LaunchControlUITests.swift in Sources */,
			);
			runOnlyForDeploymentPostprocessing = 0;
		};
/* End PBXSourcesBuildPhase section */

/* Begin PBXTargetDependency section */
		50AA73241CDD44FB005CFC74 /* PBXTargetDependency */ = {
			isa = PBXTargetDependency;
			target = 50AA73101CDD44FB005CFC74 /* LaunchControl */;
			targetProxy = 50AA73231CDD44FB005CFC74 /* PBXContainerItemProxy */;
		};
		50AA732F1CDD44FB005CFC74 /* PBXTargetDependency */ = {
			isa = PBXTargetDependency;
			target = 50AA73101CDD44FB005CFC74 /* LaunchControl */;
			targetProxy = 50AA732E1CDD44FB005CFC74 /* PBXContainerItemProxy */;
		};
/* End PBXTargetDependency section */

/* Begin PBXVariantGroup section */
		50AA731A1CDD44FB005CFC74 /* Main.storyboard */ = {
			isa = PBXVariantGroup;
			children = (
				50AA731B1CDD44FB005CFC74 /* Base */,
			);
			name = Main.storyboard;
			sourceTree = "<group>";
		};
/* End PBXVariantGroup section */

/* Begin XCBuildConfiguration section */
		50AA73341CDD44FB005CFC74 /* Debug */ = {
			isa = XCBuildConfiguration;
			buildSettings = {
				ALWAYS_SEARCH_USER_PATHS = NO;
				CLANG_ANALYZER_NONNULL = YES;
				CLANG_CXX_LANGUAGE_STANDARD = "gnu++0x";
				CLANG_CXX_LIBRARY = "libc++";
				CLANG_ENABLE_MODULES = YES;
				CLANG_ENABLE_OBJC_ARC = YES;
				CLANG_WARN_BOOL_CONVERSION = YES;
				CLANG_WARN_CONSTANT_CONVERSION = YES;
				CLANG_WARN_DIRECT_OBJC_ISA_USAGE = YES_ERROR;
				CLANG_WARN_EMPTY_BODY = YES;
				CLANG_WARN_ENUM_CONVERSION = YES;
				CLANG_WARN_INT_CONVERSION = YES;
				CLANG_WARN_OBJC_ROOT_CLASS = YES_ERROR;
				CLANG_WARN_UNREACHABLE_CODE = YES;
				CLANG_WARN__DUPLICATE_METHOD_MATCH = YES;
				CODE_SIGN_IDENTITY = "-";
				COPY_PHASE_STRIP = NO;
				DEBUG_INFORMATION_FORMAT = dwarf;
				ENABLE_STRICT_OBJC_MSGSEND = YES;
				ENABLE_TESTABILITY = YES;
				GCC_C_LANGUAGE_STANDARD = gnu99;
				GCC_DYNAMIC_NO_PIC = NO;
				GCC_NO_COMMON_BLOCKS = YES;
				GCC_OPTIMIZATION_LEVEL = 0;
				GCC_PREPROCESSOR_DEFINITIONS = (
					"DEBUG=1",
					"$(inherited)",
				);
				GCC_WARN_64_TO_32_BIT_CONVERSION = YES;
				GCC_WARN_ABOUT_RETURN_TYPE = YES_ERROR;
				GCC_WARN_UNDECLARED_SELECTOR = YES;
				GCC_WARN_UNINITIALIZED_AUTOS = YES_AGGRESSIVE;
				GCC_WARN_UNUSED_FUNCTION = YES;
				GCC_WARN_UNUSED_VARIABLE = YES;
				MACOSX_DEPLOYMENT_TARGET = 10.11;
				MTL_ENABLE_DEBUG_INFO = YES;
				ONLY_ACTIVE_ARCH = YES;
				SDKROOT = macosx;
				SWIFT_OPTIMIZATION_LEVEL = "-Onone";
			};
			name = Debug;
		};
		50AA73351CDD44FB005CFC74 /* Release */ = {
			isa = XCBuildConfiguration;
			buildSettings = {
				ALWAYS_SEARCH_USER_PATHS = NO;
				CLANG_ANALYZER_NONNULL = YES;
				CLANG_CXX_LANGUAGE_STANDARD = "gnu++0x";
				CLANG_CXX_LIBRARY = "libc++";
				CLANG_ENABLE_MODULES = YES;
				CLANG_ENABLE_OBJC_ARC = YES;
				CLANG_WARN_BOOL_CONVERSION = YES;
				CLANG_WARN_CONSTANT_CONVERSION = YES;
				CLANG_WARN_DIRECT_OBJC_ISA_USAGE = YES_ERROR;
				CLANG_WARN_EMPTY_BODY = YES;
				CLANG_WARN_ENUM_CONVERSION = YES;
				CLANG_WARN_INT_CONVERSION = YES;
				CLANG_WARN_OBJC_ROOT_CLASS = YES_ERROR;
				CLANG_WARN_UNREACHABLE_CODE = YES;
				CLANG_WARN__DUPLICATE_METHOD_MATCH = YES;
				CODE_SIGN_IDENTITY = "-";
				COPY_PHASE_STRIP = NO;
				DEBUG_INFORMATION_FORMAT = "dwarf-with-dsym";
				ENABLE_NS_ASSERTIONS = NO;
				ENABLE_STRICT_OBJC_MSGSEND = YES;
				GCC_C_LANGUAGE_STANDARD = gnu99;
				GCC_NO_COMMON_BLOCKS = YES;
				GCC_WARN_64_TO_32_BIT_CONVERSION = YES;
				GCC_WARN_ABOUT_RETURN_TYPE = YES_ERROR;
				GCC_WARN_UNDECLARED_SELECTOR = YES;
				GCC_WARN_UNINITIALIZED_AUTOS = YES_AGGRESSIVE;
				GCC_WARN_UNUSED_FUNCTION = YES;
				GCC_WARN_UNUSED_VARIABLE = YES;
				MACOSX_DEPLOYMENT_TARGET = 10.11;
				MTL_ENABLE_DEBUG_INFO = NO;
				SDKROOT = macosx;
			};
			name = Release;
		};
		50AA73371CDD44FB005CFC74 /* Debug */ = {
			isa = XCBuildConfiguration;
			buildSettings = {
				ASSETCATALOG_COMPILER_APPICON_NAME = AppIcon;
				COMBINE_HIDPI_IMAGES = YES;
				INFOPLIST_FILE = LaunchControl/Info.plist;
				LD_RUNPATH_SEARCH_PATHS = "$(inherited) @executable_path/../Frameworks";
				PRODUCT_BUNDLE_IDENTIFIER = de.pascalraszyk.LaunchControl;
				PRODUCT_NAME = "$(TARGET_NAME)";
			};
			name = Debug;
		};
		50AA73381CDD44FB005CFC74 /* Release */ = {
			isa = XCBuildConfiguration;
			buildSettings = {
				ASSETCATALOG_COMPILER_APPICON_NAME = AppIcon;
				COMBINE_HIDPI_IMAGES = YES;
				INFOPLIST_FILE = LaunchControl/Info.plist;
				LD_RUNPATH_SEARCH_PATHS = "$(inherited) @executable_path/../Frameworks";
				PRODUCT_BUNDLE_IDENTIFIER = de.pascalraszyk.LaunchControl;
				PRODUCT_NAME = "$(TARGET_NAME)";
			};
			name = Release;
		};
		50AA733A1CDD44FB005CFC74 /* Debug */ = {
			isa = XCBuildConfiguration;
			buildSettings = {
				BUNDLE_LOADER = "$(TEST_HOST)";
				COMBINE_HIDPI_IMAGES = YES;
				INFOPLIST_FILE = LaunchControlTests/Info.plist;
				LD_RUNPATH_SEARCH_PATHS = "$(inherited) @executable_path/../Frameworks @loader_path/../Frameworks";
				PRODUCT_BUNDLE_IDENTIFIER = de.pascalraszyk.LaunchControlTests;
				PRODUCT_NAME = "$(TARGET_NAME)";
				TEST_HOST = "$(BUILT_PRODUCTS_DIR)/LaunchControl.app/Contents/MacOS/LaunchControl";
			};
			name = Debug;
		};
		50AA733B1CDD44FB005CFC74 /* Release */ = {
			isa = XCBuildConfiguration;
			buildSettings = {
				BUNDLE_LOADER = "$(TEST_HOST)";
				COMBINE_HIDPI_IMAGES = YES;
				INFOPLIST_FILE = LaunchControlTests/Info.plist;
				LD_RUNPATH_SEARCH_PATHS = "$(inherited) @executable_path/../Frameworks @loader_path/../Frameworks";
				PRODUCT_BUNDLE_IDENTIFIER = de.pascalraszyk.LaunchControlTests;
				PRODUCT_NAME = "$(TARGET_NAME)";
				TEST_HOST = "$(BUILT_PRODUCTS_DIR)/LaunchControl.app/Contents/MacOS/LaunchControl";
			};
			name = Release;
		};
		50AA733D1CDD44FB005CFC74 /* Debug */ = {
			isa = XCBuildConfiguration;
			buildSettings = {
				COMBINE_HIDPI_IMAGES = YES;
				INFOPLIST_FILE = LaunchControlUITests/Info.plist;
				LD_RUNPATH_SEARCH_PATHS = "$(inherited) @executable_path/../Frameworks @loader_path/../Frameworks";
				PRODUCT_BUNDLE_IDENTIFIER = de.pascalraszyk.LaunchControlUITests;
				PRODUCT_NAME = "$(TARGET_NAME)";
				TEST_TARGET_NAME = LaunchControl;
			};
			name = Debug;
		};
		50AA733E1CDD44FB005CFC74 /* Release */ = {
			isa = XCBuildConfiguration;
			buildSettings = {
				COMBINE_HIDPI_IMAGES = YES;
				INFOPLIST_FILE = LaunchControlUITests/Info.plist;
				LD_RUNPATH_SEARCH_PATHS = "$(inherited) @executable_path/../Frameworks @loader_path/../Frameworks";
				PRODUCT_BUNDLE_IDENTIFIER = de.pascalraszyk.LaunchControlUITests;
				PRODUCT_NAME = "$(TARGET_NAME)";
				TEST_TARGET_NAME = LaunchControl;
			};
			name = Release;
		};
/* End XCBuildConfiguration section */

/* Begin XCConfigurationList section */
		50AA730C1CDD44FB005CFC74 /* Build configuration list for PBXProject "LaunchControl" */ = {
			isa = XCConfigurationList;
			buildConfigurations = (
				50AA73341CDD44FB005CFC74 /* Debug */,
				50AA73351CDD44FB005CFC74 /* Release */,
			);
			defaultConfigurationIsVisible = 0;
			defaultConfigurationName = Release;
		};
		50AA73361CDD44FB005CFC74 /* Build configuration list for PBXNativeTarget "LaunchControl" */ = {
			isa = XCConfigurationList;
			buildConfigurations = (
				50AA73371CDD44FB005CFC74 /* Debug */,
				50AA73381CDD44FB005CFC74 /* Release */,
			);
			defaultConfigurationIsVisible = 0;
		};
		50AA73391CDD44FB005CFC74 /* Build configuration list for PBXNativeTarget "LaunchControlTests" */ = {
			isa = XCConfigurationList;
			buildConfigurations = (
				50AA733A1CDD44FB005CFC74 /* Debug */,
				50AA733B1CDD44FB005CFC74 /* Release */,
			);
			defaultConfigurationIsVisible = 0;
		};
		50AA733C1CDD44FB005CFC74 /* Build configuration list for PBXNativeTarget "LaunchControlUITests" */ = {
			isa = XCConfigurationList;
			buildConfigurations = (
				50AA733D1CDD44FB005CFC74 /* Debug */,
				50AA733E1CDD44FB005CFC74 /* Release */,
			);
			defaultConfigurationIsVisible = 0;
		};
/* End XCConfigurationList section */
	};
	rootObject = 50AA73091CDD44FB005CFC74 /* Project object */;
}
